
Microsoft Visual Studio Solution File, Format Version 12.00
# Visual Studio Version 16
VisualStudioVersion = 16.0.32929.386
MinimumVisualStudioVersion = 10.0.40219.1
Project("{9A19103F-16F7-4668-BE54-9A1E7A4F7556}") = "Gambler.PoC", "Gambler\Gambler.PoC.csproj", "{89B59A20-7A89-4ADB-B60E-721D60743166}"
EndProject
Global
	GlobalSection(SolutionConfigurationPlatforms) = preSolution
		Debug|Any CPU = Debug|Any CPU
		Release|Any CPU = Release|Any CPU
	EndGlobalSection
	GlobalSection(ProjectConfigurationPlatforms) = postSolution
		{89B59A20-7A89-4ADB-B60E-721D60743166}.Debug|Any CPU.ActiveCfg = Debug|Any CPU
		{89B59A20-7A89-4ADB-B60E-721D60743166}.Debug|Any CPU.Build.0 = Debug|Any CPU
		{89B59A20-7A89-4ADB-B60E-721D60743166}.Release|Any CPU.ActiveCfg = Release|Any CPU
		{89B59A20-7A89-4ADB-B60E-721D60743166}.Release|Any CPU.Build.0 = Release|Any CPU
	EndGlobalSection
	GlobalSection(SolutionProperties) = preSolution
		HideSolutionNode = FALSE
	EndGlobalSection
	GlobalSection(ExtensibilityGlobals) = postSolution
		SolutionGuid = {86178985-085C-47C0-B490-047B01428261}
	EndGlobalSection
EndGlobal
